
Microsoft Visual Studio Solution File, Format Version 12.00
# Visual Studio Version 17
VisualStudioVersion = 17.0.31903.59
MinimumVisualStudioVersion = 10.0.40219.1
Project("{2150E333-8FDC-42A3-9474-1A3956D46DE8}") = "src", "src", "{07064B03-0982-4F3D-87E7-DA52C904BE8F}"
EndProject
Project("{FAE04EC0-301F-11D3-BF4B-00C04F79EFBC}") = "DSharpPlus.VoiceLink", "src\DSharpPlus.VoiceLink\DSharpPlus.VoiceLink.csproj", "{287A34CE-6FE2-42B2-B460-0AAF6AC03317}"
EndProject
Project("{FAE04EC0-301F-11D3-BF4B-00C04F79EFBC}") = "DSharpPlus.VoiceLink.Natives.Opus", "src\DSharpPlus.VoiceLink.Natives.Opus\DSharpPlus.VoiceLink.Natives.Opus.csproj", "{6F08A753-F741-48D1-96FB-666F16199292}"
EndProject
Project("{FAE04EC0-301F-11D3-BF4B-00C04F79EFBC}") = "DSharpPlus.VoiceLink.Natives.Sodium", "src\DSharpPlus.VoiceLink.Natives.Sodium\DSharpPlus.VoiceLink.Natives.Sodium.csproj", "{D0AF2638-EDAE-46FC-BD6A-29EF7323CA4B}"
EndProject
Global
	GlobalSection(SolutionConfigurationPlatforms) = preSolution
		Debug|Any CPU = Debug|Any CPU
		Release|Any CPU = Release|Any CPU
	EndGlobalSection
	GlobalSection(SolutionProperties) = preSolution
		HideSolutionNode = FALSE
	EndGlobalSection
	GlobalSection(ProjectConfigurationPlatforms) = postSolution
		{287A34CE-6FE2-42B2-B460-0AAF6AC03317}.Debug|Any CPU.ActiveCfg = Debug|Any CPU
		{287A34CE-6FE2-42B2-B460-0AAF6AC03317}.Debug|Any CPU.Build.0 = Debug|Any CPU
		{287A34CE-6FE2-42B2-B460-0AAF6AC03317}.Release|Any CPU.ActiveCfg = Release|Any CPU
		{287A34CE-6FE2-42B2-B460-0AAF6AC03317}.Release|Any CPU.Build.0 = Release|Any CPU
		{6F08A753-F741-48D1-96FB-666F16199292}.Debug|Any CPU.ActiveCfg = Debug|Any CPU
		{6F08A753-F741-48D1-96FB-666F16199292}.Debug|Any CPU.Build.0 = Debug|Any CPU
		{6F08A753-F741-48D1-96FB-666F16199292}.Release|Any CPU.ActiveCfg = Release|Any CPU
		{6F08A753-F741-48D1-96FB-666F16199292}.Release|Any CPU.Build.0 = Release|Any CPU
		{D0AF2638-EDAE-46FC-BD6A-29EF7323CA4B}.Debug|Any CPU.ActiveCfg = Debug|Any CPU
		{D0AF2638-EDAE-46FC-BD6A-29EF7323CA4B}.Debug|Any CPU.Build.0 = Debug|Any CPU
		{D0AF2638-EDAE-46FC-BD6A-29EF7323CA4B}.Release|Any CPU.ActiveCfg = Release|Any CPU
		{D0AF2638-EDAE-46FC-BD6A-29EF7323CA4B}.Release|Any CPU.Build.0 = Release|Any CPU
	EndGlobalSection
	GlobalSection(NestedProjects) = preSolution
		{287A34CE-6FE2-42B2-B460-0AAF6AC03317} = {07064B03-0982-4F3D-87E7-DA52C904BE8F}
		{6F08A753-F741-48D1-96FB-666F16199292} = {07064B03-0982-4F3D-87E7-DA52C904BE8F}
		{D0AF2638-EDAE-46FC-BD6A-29EF7323CA4B} = {07064B03-0982-4F3D-87E7-DA52C904BE8F}
	EndGlobalSection
EndGlobal
